// !$*UTF8*$!
{
	archiveVersion = 1;
	classes = {
	};
	objectVersion = 46;
	objects = {

/* Begin PBXBuildFile section */
		327605501AE1F42A00D8B8AB /* book.png in Resources */ = {isa = PBXBuildFile; fileRef = 3276054F1AE1F42A00D8B8AB /* book.png */; };
		327605521AE1F4A900D8B8AB /* book1.png in Resources */ = {isa = PBXBuildFile; fileRef = 327605511AE1F4A900D8B8AB /* book1.png */; };
		3289F9B11AE56919003D306A /* SiteTopTableViewCell.swift in Sources */ = {isa = PBXBuildFile; fileRef = 3289F9AF1AE56919003D306A /* SiteTopTableViewCell.swift */; };
		3289F9B21AE56919003D306A /* SiteTopTableViewCell.xib in Resources */ = {isa = PBXBuildFile; fileRef = 3289F9B01AE56919003D306A /* SiteTopTableViewCell.xib */; };
		3296EED31AE0F6D600CE2E29 /* myPageTableViewController.swift in Sources */ = {isa = PBXBuildFile; fileRef = 3296EED21AE0F6D600CE2E29 /* myPageTableViewController.swift */; };
		3296EED61AE0FCA100CE2E29 /* MyTopTableViewCell.swift in Sources */ = {isa = PBXBuildFile; fileRef = 3296EED41AE0FCA100CE2E29 /* MyTopTableViewCell.swift */; };
		3296EED71AE0FCA100CE2E29 /* MyTopTableViewCell.xib in Resources */ = {isa = PBXBuildFile; fileRef = 3296EED51AE0FCA100CE2E29 /* MyTopTableViewCell.xib */; };
		3296EEDA1AE0FE4900CE2E29 /* header.png in Resources */ = {isa = PBXBuildFile; fileRef = 3296EED81AE0FE4900CE2E29 /* header.png */; };
		3296EEDB1AE0FE4900CE2E29 /* myPhoto.png in Resources */ = {isa = PBXBuildFile; fileRef = 3296EED91AE0FE4900CE2E29 /* myPhoto.png */; };
		3296EEDD1AE1105400CE2E29 /* ArticleStocks.swift in Sources */ = {isa = PBXBuildFile; fileRef = 3296EEDC1AE1105400CE2E29 /* ArticleStocks.swift */; };
		3296EEE21AE164B000CE2E29 /* facebook.png in Resources */ = {isa = PBXBuildFile; fileRef = 3296EEDE1AE164B000CE2E29 /* facebook.png */; };
		3296EEE31AE164B000CE2E29 /* twitter.png in Resources */ = {isa = PBXBuildFile; fileRef = 3296EEDF1AE164B000CE2E29 /* twitter.png */; };
		3296EEE41AE164B000CE2E29 /* list.png in Resources */ = {isa = PBXBuildFile; fileRef = 3296EEE01AE164B000CE2E29 /* list.png */; };
		3296EEE51AE164B000CE2E29 /* user.png in Resources */ = {isa = PBXBuildFile; fileRef = 3296EEE11AE164B000CE2E29 /* user.png */; };
		3296EEE71AE1657100CE2E29 /* home.png in Resources */ = {isa = PBXBuildFile; fileRef = 3296EEE61AE1657100CE2E29 /* home.png */; };
		3296EEE91AE1E6BC00CE2E29 /* timeline.png in Resources */ = {isa = PBXBuildFile; fileRef = 3296EEE81AE1E6BC00CE2E29 /* timeline.png */; };
		3296EEEB1AE1E73300CE2E29 /* timeLine2.png in Resources */ = {isa = PBXBuildFile; fileRef = 3296EEEA1AE1E73300CE2E29 /* timeLine2.png */; };
		3296EEED1AE1E7EF00CE2E29 /* myPage@2x.png in Resources */ = {isa = PBXBuildFile; fileRef = 3296EEEC1AE1E7EF00CE2E29 /* myPage@2x.png */; };
		32B2A9E11AE1EC48008BAC7C /* safari_icon.png in Resources */ = {isa = PBXBuildFile; fileRef = 32B2A9DE1AE1EC48008BAC7C /* safari_icon.png */; };
		32B2A9E21AE1EC48008BAC7C /* facebook_icon.png in Resources */ = {isa = PBXBuildFile; fileRef = 32B2A9DF1AE1EC48008BAC7C /* facebook_icon.png */; };
		32B2A9E31AE1EC48008BAC7C /* twitter_icon.png in Resources */ = {isa = PBXBuildFile; fileRef = 32B2A9E01AE1EC48008BAC7C /* twitter_icon.png */; };
		32B2A9E51AE1F067008BAC7C /* bookmark_icon.png in Resources */ = {isa = PBXBuildFile; fileRef = 32B2A9E41AE1F067008BAC7C /* bookmark_icon.png */; };
		32B2A9E71AE1F0F7008BAC7C /* bookmark.png in Resources */ = {isa = PBXBuildFile; fileRef = 32B2A9E61AE1F0F7008BAC7C /* bookmark.png */; };
		32C2114F1ADFE5DD002C481E /* ArticleWebViewController.swift in Sources */ = {isa = PBXBuildFile; fileRef = 32C2114E1ADFE5DD002C481E /* ArticleWebViewController.swift */; };
		32DD6A341ADEF28700F33F57 /* AppDelegate.swift in Sources */ = {isa = PBXBuildFile; fileRef = 32DD6A331ADEF28700F33F57 /* AppDelegate.swift */; };
		32DD6A391ADEF28700F33F57 /* Main.storyboard in Resources */ = {isa = PBXBuildFile; fileRef = 32DD6A371ADEF28700F33F57 /* Main.storyboard */; };
		32DD6A3B1ADEF28700F33F57 /* Images.xcassets in Resources */ = {isa = PBXBuildFile; fileRef = 32DD6A3A1ADEF28700F33F57 /* Images.xcassets */; };
		32DD6A3E1ADEF28700F33F57 /* LaunchScreen.xib in Resources */ = {isa = PBXBuildFile; fileRef = 32DD6A3C1ADEF28700F33F57 /* LaunchScreen.xib */; };
		32DD6A4A1ADEF28700F33F57 /* MatsusyTests.swift in Sources */ = {isa = PBXBuildFile; fileRef = 32DD6A491ADEF28700F33F57 /* MatsusyTests.swift */; };
		32DD6A541ADF86AB00F33F57 /* ArticleViewController.swift in Sources */ = {isa = PBXBuildFile; fileRef = 32DD6A531ADF86AB00F33F57 /* ArticleViewController.swift */; };
		32DD6A591ADF8E0800F33F57 /* wired_top_image.png in Resources */ = {isa = PBXBuildFile; fileRef = 32DD6A561ADF8E0800F33F57 /* wired_top_image.png */; };
		32DD6A5A1ADF8E0800F33F57 /* wsj_top_image.png in Resources */ = {isa = PBXBuildFile; fileRef = 32DD6A571ADF8E0800F33F57 /* wsj_top_image.png */; };
		32DD6A5C1ADF916700F33F57 /* 100shiki_top_image.png in Resources */ = {isa = PBXBuildFile; fileRef = 32DD6A5B1ADF916700F33F57 /* 100shiki_top_image.png */; };
		32DD6A5F1ADF9C4500F33F57 /* ArticleTableViewCell.swift in Sources */ = {isa = PBXBuildFile; fileRef = 32DD6A5D1ADF9C4500F33F57 /* ArticleTableViewCell.swift */; };
		32DD6A601ADF9C4500F33F57 /* ArticleTableViewCell.xib in Resources */ = {isa = PBXBuildFile; fileRef = 32DD6A5E1ADF9C4500F33F57 /* ArticleTableViewCell.xib */; };
		32DD6A621ADFB65200F33F57 /* Article.swift in Sources */ = {isa = PBXBuildFile; fileRef = 32DD6A611ADFB65200F33F57 /* Article.swift */; };
		32DD6A641ADFBD4D00F33F57 /* ArticleTableView.swift in Sources */ = {isa = PBXBuildFile; fileRef = 32DD6A631ADFBD4D00F33F57 /* ArticleTableView.swift */; };
/* End PBXBuildFile section */

/* Begin PBXContainerItemProxy section */
		32DD6A441ADEF28700F33F57 /* PBXContainerItemProxy */ = {
			isa = PBXContainerItemProxy;
			containerPortal = 32DD6A261ADEF28700F33F57 /* Project object */;
			proxyType = 1;
			remoteGlobalIDString = 32DD6A2D1ADEF28700F33F57;
			remoteInfo = Matsusy;
		};
/* End PBXContainerItemProxy section */

/* Begin PBXFileReference section */
		3276054F1AE1F42A00D8B8AB /* book.png */ = {isa = PBXFileReference; lastKnownFileType = image.png; path = book.png; sourceTree = "<group>"; };
		327605511AE1F4A900D8B8AB /* book1.png */ = {isa = PBXFileReference; lastKnownFileType = image.png; path = book1.png; sourceTree = "<group>"; };
		3289F9AF1AE56919003D306A /* SiteTopTableViewCell.swift */ = {isa = PBXFileReference; fileEncoding = 4; lastKnownFileType = sourcecode.swift; path = SiteTopTableViewCell.swift; sourceTree = "<group>"; };
		3289F9B01AE56919003D306A /* SiteTopTableViewCell.xib */ = {isa = PBXFileReference; fileEncoding = 4; lastKnownFileType = file.xib; path = SiteTopTableViewCell.xib; sourceTree = "<group>"; };
		3296EED21AE0F6D600CE2E29 /* myPageTableViewController.swift */ = {isa = PBXFileReference; fileEncoding = 4; lastKnownFileType = sourcecode.swift; name = myPageTableViewController.swift; path = ../myPageTableViewController.swift; sourceTree = "<group>"; };
		3296EED41AE0FCA100CE2E29 /* MyTopTableViewCell.swift */ = {isa = PBXFileReference; fileEncoding = 4; lastKnownFileType = sourcecode.swift; name = MyTopTableViewCell.swift; path = ../MyTopTableViewCell.swift; sourceTree = "<group>"; };
		3296EED51AE0FCA100CE2E29 /* MyTopTableViewCell.xib */ = {isa = PBXFileReference; fileEncoding = 4; lastKnownFileType = file.xib; name = MyTopTableViewCell.xib; path = ../MyTopTableViewCell.xib; sourceTree = "<group>"; };
		3296EED81AE0FE4900CE2E29 /* header.png */ = {isa = PBXFileReference; lastKnownFileType = image.png; path = header.png; sourceTree = "<group>"; };
		3296EED91AE0FE4900CE2E29 /* myPhoto.png */ = {isa = PBXFileReference; lastKnownFileType = image.png; path = myPhoto.png; sourceTree = "<group>"; };
		3296EEDC1AE1105400CE2E29 /* ArticleStocks.swift */ = {isa = PBXFileReference; fileEncoding = 4; lastKnownFileType = sourcecode.swift; name = ArticleStocks.swift; path = ../model/ArticleStocks.swift; sourceTree = "<group>"; };
		3296EEDE1AE164B000CE2E29 /* facebook.png */ = {isa = PBXFileReference; lastKnownFileType = image.png; path = facebook.png; sourceTree = "<group>"; };
		3296EEDF1AE164B000CE2E29 /* twitter.png */ = {isa = PBXFileReference; lastKnownFileType = image.png; path = twitter.png; sourceTree = "<group>"; };
		3296EEE01AE164B000CE2E29 /* list.png */ = {isa = PBXFileReference; lastKnownFileType = image.png; path = list.png; sourceTree = "<group>"; };
		3296EEE11AE164B000CE2E29 /* user.png */ = {isa = PBXFileReference; lastKnownFileType = image.png; path = user.png; sourceTree = "<group>"; };
		3296EEE61AE1657100CE2E29 /* home.png */ = {isa = PBXFileReference; lastKnownFileType = image.png; path = home.png; sourceTree = "<group>"; };
		3296EEE81AE1E6BC00CE2E29 /* timeline.png */ = {isa = PBXFileReference; lastKnownFileType = image.png; path = timeline.png; sourceTree = "<group>"; };
		3296EEEA1AE1E73300CE2E29 /* timeLine2.png */ = {isa = PBXFileReference; lastKnownFileType = image.png; path = timeLine2.png; sourceTree = "<group>"; };
		3296EEEC1AE1E7EF00CE2E29 /* myPage@2x.png */ = {isa = PBXFileReference; lastKnownFileType = image.png; path = "myPage@2x.png"; sourceTree = "<group>"; };
		32B2A9DE1AE1EC48008BAC7C /* safari_icon.png */ = {isa = PBXFileReference; lastKnownFileType = image.png; path = safari_icon.png; sourceTree = "<group>"; };
		32B2A9DF1AE1EC48008BAC7C /* facebook_icon.png */ = {isa = PBXFileReference; lastKnownFileType = image.png; path = facebook_icon.png; sourceTree = "<group>"; };
		32B2A9E01AE1EC48008BAC7C /* twitter_icon.png */ = {isa = PBXFileReference; lastKnownFileType = image.png; path = twitter_icon.png; sourceTree = "<group>"; };
		32B2A9E41AE1F067008BAC7C /* bookmark_icon.png */ = {isa = PBXFileReference; lastKnownFileType = image.png; path = bookmark_icon.png; sourceTree = "<group>"; };
		32B2A9E61AE1F0F7008BAC7C /* bookmark.png */ = {isa = PBXFileReference; lastKnownFileType = image.png; path = bookmark.png; sourceTree = "<group>"; };
		32C2114E1ADFE5DD002C481E /* ArticleWebViewController.swift */ = {isa = PBXFileReference; fileEncoding = 4; lastKnownFileType = sourcecode.swift; path = ArticleWebViewController.swift; sourceTree = "<group>"; };
		32DD6A2E1ADEF28700F33F57 /* Matsusy.app */ = {isa = PBXFileReference; explicitFileType = wrapper.application; includeInIndex = 0; path = Matsusy.app; sourceTree = BUILT_PRODUCTS_DIR; };
		32DD6A321ADEF28700F33F57 /* Info.plist */ = {isa = PBXFileReference; lastKnownFileType = text.plist.xml; path = Info.plist; sourceTree = "<group>"; };
		32DD6A331ADEF28700F33F57 /* AppDelegate.swift */ = {isa = PBXFileReference; lastKnownFileType = sourcecode.swift; path = AppDelegate.swift; sourceTree = "<group>"; };
		32DD6A381ADEF28700F33F57 /* Base */ = {isa = PBXFileReference; lastKnownFileType = file.storyboard; name = Base; path = Base.lproj/Main.storyboard; sourceTree = "<group>"; };
		32DD6A3A1ADEF28700F33F57 /* Images.xcassets */ = {isa = PBXFileReference; lastKnownFileType = folder.assetcatalog; path = Images.xcassets; sourceTree = "<group>"; };
		32DD6A3D1ADEF28700F33F57 /* Base */ = {isa = PBXFileReference; lastKnownFileType = file.xib; name = Base; path = Base.lproj/LaunchScreen.xib; sourceTree = "<group>"; };
		32DD6A431ADEF28700F33F57 /* MatsusyTests.xctest */ = {isa = PBXFileReference; explicitFileType = wrapper.cfbundle; includeInIndex = 0; path = MatsusyTests.xctest; sourceTree = BUILT_PRODUCTS_DIR; };
		32DD6A481ADEF28700F33F57 /* Info.plist */ = {isa = PBXFileReference; lastKnownFileType = text.plist.xml; path = Info.plist; sourceTree = "<group>"; };
		32DD6A491ADEF28700F33F57 /* MatsusyTests.swift */ = {isa = PBXFileReference; lastKnownFileType = sourcecode.swift; path = MatsusyTests.swift; sourceTree = "<group>"; };
		32DD6A531ADF86AB00F33F57 /* ArticleViewController.swift */ = {isa = PBXFileReference; fileEncoding = 4; lastKnownFileType = sourcecode.swift; name = ArticleViewController.swift; path = ../ArticleViewController.swift; sourceTree = "<group>"; };
		32DD6A561ADF8E0800F33F57 /* wired_top_image.png */ = {isa = PBXFileReference; lastKnownFileType = image.png; path = wired_top_image.png; sourceTree = "<group>"; };
		32DD6A571ADF8E0800F33F57 /* wsj_top_image.png */ = {isa = PBXFileReference; lastKnownFileType = image.png; path = wsj_top_image.png; sourceTree = "<group>"; };
		32DD6A5B1ADF916700F33F57 /* 100shiki_top_image.png */ = {isa = PBXFileReference; lastKnownFileType = image.png; path = 100shiki_top_image.png; sourceTree = "<group>"; };
		32DD6A5D1ADF9C4500F33F57 /* ArticleTableViewCell.swift */ = {isa = PBXFileReference; fileEncoding = 4; lastKnownFileType = sourcecode.swift; path = ArticleTableViewCell.swift; sourceTree = "<group>"; };
		32DD6A5E1ADF9C4500F33F57 /* ArticleTableViewCell.xib */ = {isa = PBXFileReference; fileEncoding = 4; lastKnownFileType = file.xib; path = ArticleTableViewCell.xib; sourceTree = "<group>"; };
		32DD6A611ADFB65200F33F57 /* Article.swift */ = {isa = PBXFileReference; fileEncoding = 4; lastKnownFileType = sourcecode.swift; path = Article.swift; sourceTree = "<group>"; };
		32DD6A631ADFBD4D00F33F57 /* ArticleTableView.swift */ = {isa = PBXFileReference; fileEncoding = 4; lastKnownFileType = sourcecode.swift; name = ArticleTableView.swift; path = View/ArticleTableView.swift; sourceTree = "<group>"; };
/* End PBXFileReference section */

/* Begin PBXFrameworksBuildPhase section */
		32DD6A2B1ADEF28700F33F57 /* Frameworks */ = {
			isa = PBXFrameworksBuildPhase;
			buildActionMask = 2147483647;
			files = (
			);
			runOnlyForDeploymentPostprocessing = 0;
		};
		32DD6A401ADEF28700F33F57 /* Frameworks */ = {
			isa = PBXFrameworksBuildPhase;
			buildActionMask = 2147483647;
			files = (
			);
			runOnlyForDeploymentPostprocessing = 0;
		};
/* End PBXFrameworksBuildPhase section */

/* Begin PBXGroup section */
		322A35BC1AE26B8D002A53EC /* images */ = {
			isa = PBXGroup;
			children = (
				32DD6A561ADF8E0800F33F57 /* wired_top_image.png */,
				32DD6A571ADF8E0800F33F57 /* wsj_top_image.png */,
				32B2A9DE1AE1EC48008BAC7C /* safari_icon.png */,
				3276054F1AE1F42A00D8B8AB /* book.png */,
				32B2A9DF1AE1EC48008BAC7C /* facebook_icon.png */,
				32B2A9E01AE1EC48008BAC7C /* twitter_icon.png */,
				32DD6A5B1ADF916700F33F57 /* 100shiki_top_image.png */,
				3296EED81AE0FE4900CE2E29 /* header.png */,
				327605511AE1F4A900D8B8AB /* book1.png */,
				3296EED91AE0FE4900CE2E29 /* myPhoto.png */,
				3296EEDE1AE164B000CE2E29 /* facebook.png */,
				32B2A9E41AE1F067008BAC7C /* bookmark_icon.png */,
				3296EEDF1AE164B000CE2E29 /* twitter.png */,
				3296EEE01AE164B000CE2E29 /* list.png */,
				32B2A9E61AE1F0F7008BAC7C /* bookmark.png */,
				3296EEE11AE164B000CE2E29 /* user.png */,
				3296EEE61AE1657100CE2E29 /* home.png */,
				3296EEE81AE1E6BC00CE2E29 /* timeline.png */,
				3296EEEA1AE1E73300CE2E29 /* timeLine2.png */,
				3296EEEC1AE1E7EF00CE2E29 /* myPage@2x.png */,
			);
			name = images;
			sourceTree = "<group>";
		};
		322A35BD1AE26C0F002A53EC /* View Controller */ = {
			isa = PBXGroup;
			children = (
				32DD6A531ADF86AB00F33F57 /* ArticleViewController.swift */,
				3296EED21AE0F6D600CE2E29 /* myPageTableViewController.swift */,
				32C2114E1ADFE5DD002C481E /* ArticleWebViewController.swift */,
			);
			name = "View Controller";
			sourceTree = "<group>";
		};
		322A35BE1AE26C41002A53EC /* View */ = {
			isa = PBXGroup;
			children = (
				3289F9AF1AE56919003D306A /* SiteTopTableViewCell.swift */,
				3289F9B01AE56919003D306A /* SiteTopTableViewCell.xib */,
				3296EED41AE0FCA100CE2E29 /* MyTopTableViewCell.swift */,
				3296EED51AE0FCA100CE2E29 /* MyTopTableViewCell.xib */,
				32DD6A5D1ADF9C4500F33F57 /* ArticleTableViewCell.swift */,
				32DD6A5E1ADF9C4500F33F57 /* ArticleTableViewCell.xib */,
				32DD6A631ADFBD4D00F33F57 /* ArticleTableView.swift */,
			);
			name = View;
			sourceTree = "<group>";
		};
		322A35BF1AE26C69002A53EC /* Model */ = {
			isa = PBXGroup;
			children = (
				3296EEDC1AE1105400CE2E29 /* ArticleStocks.swift */,
				32DD6A611ADFB65200F33F57 /* Article.swift */,
			);
			name = Model;
			sourceTree = "<group>";
		};
		32DD6A251ADEF28700F33F57 = {
			isa = PBXGroup;
			children = (
				32DD6A301ADEF28700F33F57 /* Matsusy */,
				32DD6A461ADEF28700F33F57 /* MatsusyTests */,
				32DD6A2F1ADEF28700F33F57 /* Products */,
				322A35BC1AE26B8D002A53EC /* images */,
			);
			sourceTree = "<group>";
		};
		32DD6A2F1ADEF28700F33F57 /* Products */ = {
			isa = PBXGroup;
			children = (
				32DD6A2E1ADEF28700F33F57 /* Matsusy.app */,
				32DD6A431ADEF28700F33F57 /* MatsusyTests.xctest */,
			);
			name = Products;
			sourceTree = "<group>";
		};
		32DD6A301ADEF28700F33F57 /* Matsusy */ = {
			isa = PBXGroup;
			children = (
				32DD6A331ADEF28700F33F57 /* AppDelegate.swift */,
				32DD6A371ADEF28700F33F57 /* Main.storyboard */,
				322A35BD1AE26C0F002A53EC /* View Controller */,
				322A35BE1AE26C41002A53EC /* View */,
				322A35BF1AE26C69002A53EC /* Model */,
				32DD6A3A1ADEF28700F33F57 /* Images.xcassets */,
				32DD6A3C1ADEF28700F33F57 /* LaunchScreen.xib */,
				32DD6A311ADEF28700F33F57 /* Supporting Files */,
			);
			path = Matsusy;
			sourceTree = "<group>";
		};
		32DD6A311ADEF28700F33F57 /* Supporting Files */ = {
			isa = PBXGroup;
			children = (
				32DD6A321ADEF28700F33F57 /* Info.plist */,
			);
			name = "Supporting Files";
			sourceTree = "<group>";
		};
		32DD6A461ADEF28700F33F57 /* MatsusyTests */ = {
			isa = PBXGroup;
			children = (
				32DD6A491ADEF28700F33F57 /* MatsusyTests.swift */,
				32DD6A471ADEF28700F33F57 /* Supporting Files */,
			);
			path = MatsusyTests;
			sourceTree = "<group>";
		};
		32DD6A471ADEF28700F33F57 /* Supporting Files */ = {
			isa = PBXGroup;
			children = (
				32DD6A481ADEF28700F33F57 /* Info.plist */,
			);
			name = "Supporting Files";
			sourceTree = "<group>";
		};
/* End PBXGroup section */

/* Begin PBXNativeTarget section */
		32DD6A2D1ADEF28700F33F57 /* Matsusy */ = {
			isa = PBXNativeTarget;
			buildConfigurationList = 32DD6A4D1ADEF28700F33F57 /* Build configuration list for PBXNativeTarget "Matsusy" */;
			buildPhases = (
				32DD6A2A1ADEF28700F33F57 /* Sources */,
				32DD6A2B1ADEF28700F33F57 /* Frameworks */,
				32DD6A2C1ADEF28700F33F57 /* Resources */,
			);
			buildRules = (
			);
			dependencies = (
			);
			name = Matsusy;
			productName = Matsusy;
			productReference = 32DD6A2E1ADEF28700F33F57 /* Matsusy.app */;
			productType = "com.apple.product-type.application";
		};
		32DD6A421ADEF28700F33F57 /* MatsusyTests */ = {
			isa = PBXNativeTarget;
			buildConfigurationList = 32DD6A501ADEF28700F33F57 /* Build configuration list for PBXNativeTarget "MatsusyTests" */;
			buildPhases = (
				32DD6A3F1ADEF28700F33F57 /* Sources */,
				32DD6A401ADEF28700F33F57 /* Frameworks */,
				32DD6A411ADEF28700F33F57 /* Resources */,
			);
			buildRules = (
			);
			dependencies = (
				32DD6A451ADEF28700F33F57 /* PBXTargetDependency */,
			);
			name = MatsusyTests;
			productName = MatsusyTests;
			productReference = 32DD6A431ADEF28700F33F57 /* MatsusyTests.xctest */;
			productType = "com.apple.product-type.bundle.unit-test";
		};
/* End PBXNativeTarget section */

/* Begin PBXProject section */
		32DD6A261ADEF28700F33F57 /* Project object */ = {
			isa = PBXProject;
			attributes = {
				LastUpgradeCheck = 0610;
				ORGANIZATIONNAME = "matsushita keita";
				TargetAttributes = {
					32DD6A2D1ADEF28700F33F57 = {
						CreatedOnToolsVersion = 6.1.1;
					};
					32DD6A421ADEF28700F33F57 = {
						CreatedOnToolsVersion = 6.1.1;
						TestTargetID = 32DD6A2D1ADEF28700F33F57;
					};
				};
			};
			buildConfigurationList = 32DD6A291ADEF28700F33F57 /* Build configuration list for PBXProject "Matsusy" */;
			compatibilityVersion = "Xcode 3.2";
			developmentRegion = English;
			hasScannedForEncodings = 0;
			knownRegions = (
				en,
				Base,
			);
			mainGroup = 32DD6A251ADEF28700F33F57;
			productRefGroup = 32DD6A2F1ADEF28700F33F57 /* Products */;
			projectDirPath = "";
			projectRoot = "";
			targets = (
				32DD6A2D1ADEF28700F33F57 /* Matsusy */,
				32DD6A421ADEF28700F33F57 /* MatsusyTests */,
			);
		};
/* End PBXProject section */

/* Begin PBXResourcesBuildPhase section */
		32DD6A2C1ADEF28700F33F57 /* Resources */ = {
			isa = PBXResourcesBuildPhase;
			buildActionMask = 2147483647;
			files = (
				32DD6A5A1ADF8E0800F33F57 /* wsj_top_image.png in Resources */,
				32B2A9E71AE1F0F7008BAC7C /* bookmark.png in Resources */,
				32DD6A391ADEF28700F33F57 /* Main.storyboard in Resources */,
				32DD6A3E1ADEF28700F33F57 /* LaunchScreen.xib in Resources */,
				3296EED71AE0FCA100CE2E29 /* MyTopTableViewCell.xib in Resources */,
				3296EEE41AE164B000CE2E29 /* list.png in Resources */,
				3296EEDB1AE0FE4900CE2E29 /* myPhoto.png in Resources */,
				32B2A9E21AE1EC48008BAC7C /* facebook_icon.png in Resources */,
				3289F9B21AE56919003D306A /* SiteTopTableViewCell.xib in Resources */,
				3296EEE91AE1E6BC00CE2E29 /* timeline.png in Resources */,
				32DD6A591ADF8E0800F33F57 /* wired_top_image.png in Resources */,
				32DD6A601ADF9C4500F33F57 /* ArticleTableViewCell.xib in Resources */,
				32B2A9E51AE1F067008BAC7C /* bookmark_icon.png in Resources */,
				3296EEDA1AE0FE4900CE2E29 /* header.png in Resources */,
				3296EEED1AE1E7EF00CE2E29 /* myPage@2x.png in Resources */,
				327605501AE1F42A00D8B8AB /* book.png in Resources */,
				32DD6A5C1ADF916700F33F57 /* 100shiki_top_image.png in Resources */,
				3296EEEB1AE1E73300CE2E29 /* timeLine2.png in Resources */,
				3296EEE31AE164B000CE2E29 /* twitter.png in Resources */,
				32B2A9E31AE1EC48008BAC7C /* twitter_icon.png in Resources */,
				32B2A9E11AE1EC48008BAC7C /* safari_icon.png in Resources */,
				327605521AE1F4A900D8B8AB /* book1.png in Resources */,
				3296EEE71AE1657100CE2E29 /* home.png in Resources */,
				3296EEE51AE164B000CE2E29 /* user.png in Resources */,
				3296EEE21AE164B000CE2E29 /* facebook.png in Resources */,
				32DD6A3B1ADEF28700F33F57 /* Images.xcassets in Resources */,
			);
			runOnlyForDeploymentPostprocessing = 0;
		};
		32DD6A411ADEF28700F33F57 /* Resources */ = {
			isa = PBXResourcesBuildPhase;
			buildActionMask = 2147483647;
			files = (
			);
			runOnlyForDeploymentPostprocessing = 0;
		};
/* End PBXResourcesBuildPhase section */

/* Begin PBXSourcesBuildPhase section */
		32DD6A2A1ADEF28700F33F57 /* Sources */ = {
			isa = PBXSourcesBuildPhase;
			buildActionMask = 2147483647;
			files = (
				3296EEDD1AE1105400CE2E29 /* ArticleStocks.swift in Sources */,
				32DD6A621ADFB65200F33F57 /* Article.swift in Sources */,
				3289F9B11AE56919003D306A /* SiteTopTableViewCell.swift in Sources */,
				32DD6A341ADEF28700F33F57 /* AppDelegate.swift in Sources */,
				32DD6A5F1ADF9C4500F33F57 /* ArticleTableViewCell.swift in Sources */,
				32DD6A641ADFBD4D00F33F57 /* ArticleTableView.swift in Sources */,
				3296EED31AE0F6D600CE2E29 /* myPageTableViewController.swift in Sources */,
				32C2114F1ADFE5DD002C481E /* ArticleWebViewController.swift in Sources */,
				32DD6A541ADF86AB00F33F57 /* ArticleViewController.swift in Sources */,
				3296EED61AE0FCA100CE2E29 /* MyTopTableViewCell.swift in Sources */,
			);
			runOnlyForDeploymentPostprocessing = 0;
		};
		32DD6A3F1ADEF28700F33F57 /* Sources */ = {
			isa = PBXSourcesBuildPhase;
			buildActionMask = 2147483647;
			files = (
				32DD6A4A1ADEF28700F33F57 /* MatsusyTests.swift in Sources */,
			);
			runOnlyForDeploymentPostprocessing = 0;
		};
/* End PBXSourcesBuildPhase section */

/* Begin PBXTargetDependency section */
		32DD6A451ADEF28700F33F57 /* PBXTargetDependency */ = {
			isa = PBXTargetDependency;
			target = 32DD6A2D1ADEF28700F33F57 /* Matsusy */;
			targetProxy = 32DD6A441ADEF28700F33F57 /* PBXContainerItemProxy */;
		};
/* End PBXTargetDependency section */

/* Begin PBXVariantGroup section */
		32DD6A371ADEF28700F33F57 /* Main.storyboard */ = {
			isa = PBXVariantGroup;
			children = (
				32DD6A381ADEF28700F33F57 /* Base */,
			);
			name = Main.storyboard;
			sourceTree = "<group>";
		};
		32DD6A3C1ADEF28700F33F57 /* LaunchScreen.xib */ = {
			isa = PBXVariantGroup;
			children = (
				32DD6A3D1ADEF28700F33F57 /* Base */,
			);
			name = LaunchScreen.xib;
			sourceTree = "<group>";
		};
/* End PBXVariantGroup section */

/* Begin XCBuildConfiguration section */
		32DD6A4B1ADEF28700F33F57 /* Debug */ = {
			isa = XCBuildConfiguration;
			buildSettings = {
				ALWAYS_SEARCH_USER_PATHS = NO;
				CLANG_CXX_LANGUAGE_STANDARD = "gnu++0x";
				CLANG_CXX_LIBRARY = "libc++";
				CLANG_ENABLE_MODULES = YES;
				CLANG_ENABLE_OBJC_ARC = YES;
				CLANG_WARN_BOOL_CONVERSION = YES;
				CLANG_WARN_CONSTANT_CONVERSION = YES;
				CLANG_WARN_DIRECT_OBJC_ISA_USAGE = YES_ERROR;
				CLANG_WARN_EMPTY_BODY = YES;
				CLANG_WARN_ENUM_CONVERSION = YES;
				CLANG_WARN_INT_CONVERSION = YES;
				CLANG_WARN_OBJC_ROOT_CLASS = YES_ERROR;
				CLANG_WARN_UNREACHABLE_CODE = YES;
				CLANG_WARN__DUPLICATE_METHOD_MATCH = YES;
				"CODE_SIGN_IDENTITY[sdk=iphoneos*]" = "iPhone Developer";
				COPY_PHASE_STRIP = NO;
				ENABLE_STRICT_OBJC_MSGSEND = YES;
				GCC_C_LANGUAGE_STANDARD = gnu99;
				GCC_DYNAMIC_NO_PIC = NO;
				GCC_OPTIMIZATION_LEVEL = 0;
				GCC_PREPROCESSOR_DEFINITIONS = (
					"DEBUG=1",
					"$(inherited)",
				);
				GCC_SYMBOLS_PRIVATE_EXTERN = NO;
				GCC_WARN_64_TO_32_BIT_CONVERSION = YES;
				GCC_WARN_ABOUT_RETURN_TYPE = YES_ERROR;
				GCC_WARN_UNDECLARED_SELECTOR = YES;
				GCC_WARN_UNINITIALIZED_AUTOS = YES_AGGRESSIVE;
				GCC_WARN_UNUSED_FUNCTION = YES;
				GCC_WARN_UNUSED_VARIABLE = YES;
				IPHONEOS_DEPLOYMENT_TARGET = 8.1;
				MTL_ENABLE_DEBUG_INFO = YES;
				ONLY_ACTIVE_ARCH = YES;
				SDKROOT = iphoneos;
				SWIFT_OPTIMIZATION_LEVEL = "-Onone";
			};
			name = Debug;
		};
		32DD6A4C1ADEF28700F33F57 /* Release */ = {
			isa = XCBuildConfiguration;
			buildSettings = {
				ALWAYS_SEARCH_USER_PATHS = NO;
				CLANG_CXX_LANGUAGE_STANDARD = "gnu++0x";
				CLANG_CXX_LIBRARY = "libc++";
				CLANG_ENABLE_MODULES = YES;
				CLANG_ENABLE_OBJC_ARC = YES;
				CLANG_WARN_BOOL_CONVERSION = YES;
				CLANG_WARN_CONSTANT_CONVERSION = YES;
				CLANG_WARN_DIRECT_OBJC_ISA_USAGE = YES_ERROR;
				CLANG_WARN_EMPTY_BODY = YES;
				CLANG_WARN_ENUM_CONVERSION = YES;
				CLANG_WARN_INT_CONVERSION = YES;
				CLANG_WARN_OBJC_ROOT_CLASS = YES_ERROR;
				CLANG_WARN_UNREACHABLE_CODE = YES;
				CLANG_WARN__DUPLICATE_METHOD_MATCH = YES;
				"CODE_SIGN_IDENTITY[sdk=iphoneos*]" = "iPhone Developer";
				COPY_PHASE_STRIP = YES;
				ENABLE_NS_ASSERTIONS = NO;
				ENABLE_STRICT_OBJC_MSGSEND = YES;
				GCC_C_LANGUAGE_STANDARD = gnu99;
				GCC_WARN_64_TO_32_BIT_CONVERSION = YES;
				GCC_WARN_ABOUT_RETURN_TYPE = YES_ERROR;
				GCC_WARN_UNDECLARED_SELECTOR = YES;
				GCC_WARN_UNINITIALIZED_AUTOS = YES_AGGRESSIVE;
				GCC_WARN_UNUSED_FUNCTION = YES;
				GCC_WARN_UNUSED_VARIABLE = YES;
				IPHONEOS_DEPLOYMENT_TARGET = 8.1;
				MTL_ENABLE_DEBUG_INFO = NO;
				SDKROOT = iphoneos;
				VALIDATE_PRODUCT = YES;
			};
			name = Release;
		};
		32DD6A4E1ADEF28700F33F57 /* Debug */ = {
			isa = XCBuildConfiguration;
			buildSettings = {
				ASSETCATALOG_COMPILER_APPICON_NAME = AppIcon;
				INFOPLIST_FILE = Matsusy/Info.plist;
				LD_RUNPATH_SEARCH_PATHS = "$(inherited) @executable_path/Frameworks";
				PRODUCT_NAME = "$(TARGET_NAME)";
			};
			name = Debug;
		};
		32DD6A4F1ADEF28700F33F57 /* Release */ = {
			isa = XCBuildConfiguration;
			buildSettings = {
				ASSETCATALOG_COMPILER_APPICON_NAME = AppIcon;
				INFOPLIST_FILE = Matsusy/Info.plist;
				LD_RUNPATH_SEARCH_PATHS = "$(inherited) @executable_path/Frameworks";
				PRODUCT_NAME = "$(TARGET_NAME)";
			};
			name = Release;
		};
		32DD6A511ADEF28700F33F57 /* Debug */ = {
			isa = XCBuildConfiguration;
			buildSettings = {
				BUNDLE_LOADER = "$(TEST_HOST)";
				FRAMEWORK_SEARCH_PATHS = (
					"$(SDKROOT)/Developer/Library/Frameworks",
					"$(inherited)",
				);
				GCC_PREPROCESSOR_DEFINITIONS = (
					"DEBUG=1",
					"$(inherited)",
				);
				INFOPLIST_FILE = MatsusyTests/Info.plist;
				LD_RUNPATH_SEARCH_PATHS = "$(inherited) @executable_path/Frameworks @loader_path/Frameworks";
				PRODUCT_NAME = "$(TARGET_NAME)";
				TEST_HOST = "$(BUILT_PRODUCTS_DIR)/Matsusy.app/Matsusy";
			};
			name = Debug;
		};
		32DD6A521ADEF28700F33F57 /* Release */ = {
			isa = XCBuildConfiguration;
			buildSettings = {
				BUNDLE_LOADER = "$(TEST_HOST)";
				FRAMEWORK_SEARCH_PATHS = (
					"$(SDKROOT)/Developer/Library/Frameworks",
					"$(inherited)",
				);
				INFOPLIST_FILE = MatsusyTests/Info.plist;
				LD_RUNPATH_SEARCH_PATHS = "$(inherited) @executable_path/Frameworks @loader_path/Frameworks";
				PRODUCT_NAME = "$(TARGET_NAME)";
				TEST_HOST = "$(BUILT_PRODUCTS_DIR)/Matsusy.app/Matsusy";
			};
			name = Release;
		};
/* End XCBuildConfiguration section */

/* Begin XCConfigurationList section */
		32DD6A291ADEF28700F33F57 /* Build configuration list for PBXProject "Matsusy" */ = {
			isa = XCConfigurationList;
			buildConfigurations = (
				32DD6A4B1ADEF28700F33F57 /* Debug */,
				32DD6A4C1ADEF28700F33F57 /* Release */,
			);
			defaultConfigurationIsVisible = 0;
			defaultConfigurationName = Release;
		};
		32DD6A4D1ADEF28700F33F57 /* Build configuration list for PBXNativeTarget "Matsusy" */ = {
			isa = XCConfigurationList;
			buildConfigurations = (
				32DD6A4E1ADEF28700F33F57 /* Debug */,
				32DD6A4F1ADEF28700F33F57 /* Release */,
			);
			defaultConfigurationIsVisible = 0;
			defaultConfigurationName = Release;
		};
		32DD6A501ADEF28700F33F57 /* Build configuration list for PBXNativeTarget "MatsusyTests" */ = {
			isa = XCConfigurationList;
			buildConfigurations = (
				32DD6A511ADEF28700F33F57 /* Debug */,
				32DD6A521ADEF28700F33F57 /* Release */,
			);
			defaultConfigurationIsVisible = 0;
			defaultConfigurationName = Release;
		};
/* End XCConfigurationList section */
	};
	rootObject = 32DD6A261ADEF28700F33F57 /* Project object */;
}
